{
    "name": "@portal-solutions/swizz",
    "lockfileVersion": 3,
    "requires": true,
    "packages": {
        "": {
            "name": "@portal-solutions/swizz",
            "workspaces": [
                "swizz-core",
                "swizz-boot-sw-core",
                "swizz-crx-core"
            ],
            "devDependencies": {
                "typescript": "^5.8.3"
            }
        },
        "node_modules/@portal-solutions/hooker-core": {
            "version": "1.0.2",
            "resolved": "https://registry.npmjs.org/@portal-solutions/hooker-core/-/hooker-core-1.0.2.tgz",
            "integrity": "sha512-QBbSRqK7QynvAGaMpiTntT561QnnTBvSbsp5OWzbkkg7xUYsFXN+k26Xk2LCqdc5mOszSczwEQVAicIOxYeriw==",
            "license": "ISC"
        },
        "node_modules/@portal-solutions/swizz-boot-sw-core": {
            "resolved": "swizz-boot-sw-core",
            "link": true
        },
        "node_modules/@portal-solutions/swizz-core": {
            "resolved": "swizz-core",
            "link": true
        },
        "node_modules/swizz-crx-core": {
            "resolved": "swizz-crx-core",
            "link": true
        },
        "node_modules/typescript": {
            "version": "5.8.3",
            "resolved": "https://registry.npmjs.org/typescript/-/typescript-5.8.3.tgz",
            "integrity": "sha512-p1diW6TqL9L07nNxvRMM7hMMw4c5XOo/1ibL4aAIGmSAt9slTE1Xgw5KWuof2uTOvCg9BY7ZRi+GaF+7sfgPeQ==",
            "dev": true,
            "license": "Apache-2.0",
            "bin": {
                "tsc": "bin/tsc",
                "tsserver": "bin/tsserver"
            },
            "engines": {
                "node": ">=14.17"
            }
        },
        "swizz-boot-sw-core": {
            "name": "@portal-solutions/swizz-boot-sw-core",
            "version": "1.0.0",
            "license": "ISC",
            "dependencies": {
                "@portal-solutions/hooker-core": "^1.0.2"
            },
            "devDependencies": {}
        },
        "swizz-core": {
            "name": "@portal-solutions/swizz-core",
            "version": "1.0.0",
            "license": "ISC",
            "dependencies": {
                "@portal-solutions/hooker-core": "^1.0.2"
            }
        },
        "swizz-crx-core": {
            "version": "1.0.0",
            "license": "ISC",
            "devDependencies": {}
        }
    }
}
